
Microsoft Visual Studio Solution File, Format Version 12.00
# Visual Studio Version 17
VisualStudioVersion = 17.13.35818.85
MinimumVisualStudioVersion = 10.0.40219.1
Project("{FAE04EC0-301F-11D3-BF4B-00C04F79EFBC}") = "C04_InputOutputExample", "C04_InputOutputExample\C04_InputOutputExample.csproj", "{9D736B85-BBF5-4484-910E-7BBA1BDD20DC}"
EndProject
Project("{FAE04EC0-301F-11D3-BF4B-00C04F79EFBC}") = "C03_UserInput&Output", "C03_UserInput&Output\C03_UserInput&Output.csproj", "{C88F8A51-EF0D-4317-9FC9-3C27C66A2FC2}"
EndProject
Project("{FAE04EC0-301F-11D3-BF4B-00C04F79EFBC}") = "C01_FirstProject", "C01_FirstProject\C01_FirstProject.csproj", "{C4F494F3-1D95-4BD1-9B54-3E5EE478FA0B}"
EndProject
Project("{FAE04EC0-301F-11D3-BF4B-00C04F79EFBC}") = "C02_BasicCSharp", "C02_BasicCSharp\C02_BasicCSharp.csproj", "{57666D96-207D-4902-B240-EC6DE65A4CB4}"
EndProject
Global
	GlobalSection(SolutionConfigurationPlatforms) = preSolution
		Debug|Any CPU = Debug|Any CPU
		Release|Any CPU = Release|Any CPU
	EndGlobalSection
	GlobalSection(ProjectConfigurationPlatforms) = postSolution
		{9D736B85-BBF5-4484-910E-7BBA1BDD20DC}.Debug|Any CPU.ActiveCfg = Debug|Any CPU
		{9D736B85-BBF5-4484-910E-7BBA1BDD20DC}.Debug|Any CPU.Build.0 = Debug|Any CPU
		{9D736B85-BBF5-4484-910E-7BBA1BDD20DC}.Release|Any CPU.ActiveCfg = Release|Any CPU
		{9D736B85-BBF5-4484-910E-7BBA1BDD20DC}.Release|Any CPU.Build.0 = Release|Any CPU
		{C88F8A51-EF0D-4317-9FC9-3C27C66A2FC2}.Debug|Any CPU.ActiveCfg = Debug|Any CPU
		{C88F8A51-EF0D-4317-9FC9-3C27C66A2FC2}.Debug|Any CPU.Build.0 = Debug|Any CPU
		{C88F8A51-EF0D-4317-9FC9-3C27C66A2FC2}.Release|Any CPU.ActiveCfg = Release|Any CPU
		{C88F8A51-EF0D-4317-9FC9-3C27C66A2FC2}.Release|Any CPU.Build.0 = Release|Any CPU
		{C4F494F3-1D95-4BD1-9B54-3E5EE478FA0B}.Debug|Any CPU.ActiveCfg = Debug|Any CPU
		{C4F494F3-1D95-4BD1-9B54-3E5EE478FA0B}.Debug|Any CPU.Build.0 = Debug|Any CPU
		{C4F494F3-1D95-4BD1-9B54-3E5EE478FA0B}.Release|Any CPU.ActiveCfg = Release|Any CPU
		{C4F494F3-1D95-4BD1-9B54-3E5EE478FA0B}.Release|Any CPU.Build.0 = Release|Any CPU
		{57666D96-207D-4902-B240-EC6DE65A4CB4}.Debug|Any CPU.ActiveCfg = Debug|Any CPU
		{57666D96-207D-4902-B240-EC6DE65A4CB4}.Debug|Any CPU.Build.0 = Debug|Any CPU
		{57666D96-207D-4902-B240-EC6DE65A4CB4}.Release|Any CPU.ActiveCfg = Release|Any CPU
		{57666D96-207D-4902-B240-EC6DE65A4CB4}.Release|Any CPU.Build.0 = Release|Any CPU
	EndGlobalSection
	GlobalSection(SolutionProperties) = preSolution
		HideSolutionNode = FALSE
	EndGlobalSection
	GlobalSection(ExtensibilityGlobals) = postSolution
		SolutionGuid = {4DC18157-A6FA-4FAC-9E08-9579C3D899A4}
	EndGlobalSection
EndGlobal
