
Microsoft Visual Studio Solution File, Format Version 12.00
# Visual Studio Version 17
VisualStudioVersion = 17.13.35818.85
MinimumVisualStudioVersion = 10.0.40219.1
Project("{FAE04EC0-301F-11D3-BF4B-00C04F79EFBC}") = "C04_InputOutputExample", "C04_InputOutputExample\C04_InputOutputExample.csproj", "{9D736B85-BBF5-4484-910E-7BBA1BDD20DC}"
EndProject
Project("{FAE04EC0-301F-11D3-BF4B-00C04F79EFBC}") = "C03_UserInput&Output", "C03_UserInput&Output\C03_UserInput&Output.csproj", "{C88F8A51-EF0D-4317-9FC9-3C27C66A2FC2}"
EndProject
Project("{FAE04EC0-301F-11D3-BF4B-00C04F79EFBC}") = "C01_FirstProject", "C01_FirstProject\C01_FirstProject.csproj", "{C4F494F3-1D95-4BD1-9B54-3E5EE478FA0B}"
EndProject
Project("{FAE04EC0-301F-11D3-BF4B-00C04F79EFBC}") = "C02_BasicCSharp", "C02_BasicCSharp\C02_BasicCSharp.csproj", "{57666D96-207D-4902-B240-EC6DE65A4CB4}"
EndProject
Project("{FAE04EC0-301F-11D3-BF4B-00C04F79EFBC}") = "C05_OtherTypes", "C05_OtherTypes\C05_OtherTypes.csproj", "{002498A1-602B-40EC-8B36-8F43A03B756E}"
EndProject
Project("{FAE04EC0-301F-11D3-BF4B-00C04F79EFBC}") = "C06_MathOperations", "C06_MathOperations\C06_MathOperations.csproj", "{EE4AFBCC-7503-4DAB-8388-47D785E13EE0}"
EndProject
Project("{FAE04EC0-301F-11D3-BF4B-00C04F79EFBC}") = "C07_AssignmentOperators", "C07_AssignmentOperators\C07_AssignmentOperators.csproj", "{81499D0E-BEA1-47D4-896D-27F1CFEDA2FD}"
EndProject
Project("{FAE04EC0-301F-11D3-BF4B-00C04F79EFBC}") = "C08_IncrementDecrementOperations", "C08_IncrementDecrementOperations\C08_IncrementDecrementOperations.csproj", "{880CB9E1-F34E-42B5-B2D4-2749AC6FFB23}"
EndProject
Project("{FAE04EC0-301F-11D3-BF4B-00C04F79EFBC}") = "C09_AreaAndPerimeterExample", "C09_AreaAndPerimeterExample\C09_AreaAndPerimeterExample.csproj", "{381490F7-1D76-4C1C-9DC9-51E3C2641B2A}"
EndProject
Project("{FAE04EC0-301F-11D3-BF4B-00C04F79EFBC}") = "C10_CircleAreaPerimeter", "C10_CircleAreaPerimeter\C10_CircleAreaPerimeter.csproj", "{47D225C1-BF4D-46D9-BC9D-F8A8A2FE3497}"
EndProject
Project("{FAE04EC0-301F-11D3-BF4B-00C04F79EFBC}") = "C11_MathEquationSolver", "C11_MathEquationSolver\C11_MathEquationSolver.csproj", "{B2915F8A-7EA2-4B36-B17B-CC738732388E}"
EndProject
Project("{FAE04EC0-301F-11D3-BF4B-00C04F79EFBC}") = "C12_MathClass", "C12_MathClass\C12_MathClass.csproj", "{21E912D7-3CB1-463E-9C22-07A998182A2C}"
EndProject
Project("{FAE04EC0-301F-11D3-BF4B-00C04F79EFBC}") = "C13_DigitsSumOfNumber", "C13_DigitsSumOfNumber\C13_DigitsSumOfNumber.csproj", "{9269B975-FA17-46BA-9BE1-F16A03E41423}"
EndProject
Project("{FAE04EC0-301F-11D3-BF4B-00C04F79EFBC}") = "C14_SwapUsingTemp", "C14_SwapUsingTemp\C14_SwapUsingTemp.csproj", "{BF767FEB-4D21-4BD9-9375-C3AFCA965020}"
EndProject
Project("{FAE04EC0-301F-11D3-BF4B-00C04F79EFBC}") = "C15_AlgorithmAnalysisWithGame", "C15_AlgorithmAnalysisWithGame\C15_AlgorithmAnalysisWithGame.csproj", "{86AE8FA3-18B7-42BB-8C37-1E478C3AD048}"
EndProject
Project("{FAE04EC0-301F-11D3-BF4B-00C04F79EFBC}") = "C16_ControlStructuresIfElse", "C16_ControlStructuresIfElse\C16_ControlStructuresIfElse.csproj", "{93CA430F-9B24-42F8-B499-BAFD449E99D9}"
EndProject
Project("{FAE04EC0-301F-11D3-BF4B-00C04F79EFBC}") = "C17_IfElseExample", "C17_IfElseExample\C17_IfElseExample.csproj", "{49DDBD82-D9A2-436F-90A9-1A2DB9F2707F}"
EndProject
Project("{FAE04EC0-301F-11D3-BF4B-00C04F79EFBC}") = "C18_OddEvenNumber", "C18_OddEvenNumber\C18_OddEvenNumber.csproj", "{8006B761-3B27-4EE4-826C-B567D32552F8}"
EndProject
Project("{FAE04EC0-301F-11D3-BF4B-00C04F79EFBC}") = "C19_Calculator", "C19_Calculator\C19_Calculator.csproj", "{1CDAAAE2-5C94-46E1-853F-C998B0843DBE}"
EndProject
Project("{FAE04EC0-301F-11D3-BF4B-00C04F79EFBC}") = "C20_If_Else_IfElse_Example", "C20_If_Else_IfElse_Example\C20_If_Else_IfElse_Example.csproj", "{9DE834E0-3600-4BE5-9A9B-4A17FA1446C6}"
EndProject
Project("{FAE04EC0-301F-11D3-BF4B-00C04F79EFBC}") = "C21_SwitchCase", "C21_SwitchCase\C21_SwitchCase.csproj", "{04CEBB69-FF1E-47EB-8BC8-29D25F4AFE22}"
EndProject
Project("{FAE04EC0-301F-11D3-BF4B-00C04F79EFBC}") = "C22_DepartmentSalaryExample", "C22_DepartmentSalaryExample\C22_DepartmentSalaryExample.csproj", "{3CD64BDB-D68D-4480-AA75-EE3CE144C395}"
EndProject
Project("{FAE04EC0-301F-11D3-BF4B-00C04F79EFBC}") = "C23_ClassSectionStudentCount", "C23_ClassSectionStudentCount\C23_ClassSectionStudentCount.csproj", "{858BDD58-27C1-43F8-B292-5DBEF1FE8AEF}"
EndProject
Project("{FAE04EC0-301F-11D3-BF4B-00C04F79EFBC}") = "C24_While", "C24_While\C24_While.csproj", "{8C501099-BBB5-4C67-90CC-5A3CAB8AA3B0}"
EndProject
Project("{FAE04EC0-301F-11D3-BF4B-00C04F79EFBC}") = "C25_MultiplicationTable", "C25_MultiplicationTable\C25_MultiplicationTable.csproj", "{0EA6D644-5A1C-4A8C-9F3E-59C275747CEF}"
EndProject
Global
	GlobalSection(SolutionConfigurationPlatforms) = preSolution
		Debug|Any CPU = Debug|Any CPU
		Release|Any CPU = Release|Any CPU
	EndGlobalSection
	GlobalSection(ProjectConfigurationPlatforms) = postSolution
		{9D736B85-BBF5-4484-910E-7BBA1BDD20DC}.Debug|Any CPU.ActiveCfg = Debug|Any CPU
		{9D736B85-BBF5-4484-910E-7BBA1BDD20DC}.Debug|Any CPU.Build.0 = Debug|Any CPU
		{9D736B85-BBF5-4484-910E-7BBA1BDD20DC}.Release|Any CPU.ActiveCfg = Release|Any CPU
		{9D736B85-BBF5-4484-910E-7BBA1BDD20DC}.Release|Any CPU.Build.0 = Release|Any CPU
		{C88F8A51-EF0D-4317-9FC9-3C27C66A2FC2}.Debug|Any CPU.ActiveCfg = Debug|Any CPU
		{C88F8A51-EF0D-4317-9FC9-3C27C66A2FC2}.Debug|Any CPU.Build.0 = Debug|Any CPU
		{C88F8A51-EF0D-4317-9FC9-3C27C66A2FC2}.Release|Any CPU.ActiveCfg = Release|Any CPU
		{C88F8A51-EF0D-4317-9FC9-3C27C66A2FC2}.Release|Any CPU.Build.0 = Release|Any CPU
		{C4F494F3-1D95-4BD1-9B54-3E5EE478FA0B}.Debug|Any CPU.ActiveCfg = Debug|Any CPU
		{C4F494F3-1D95-4BD1-9B54-3E5EE478FA0B}.Debug|Any CPU.Build.0 = Debug|Any CPU
		{C4F494F3-1D95-4BD1-9B54-3E5EE478FA0B}.Release|Any CPU.ActiveCfg = Release|Any CPU
		{C4F494F3-1D95-4BD1-9B54-3E5EE478FA0B}.Release|Any CPU.Build.0 = Release|Any CPU
		{57666D96-207D-4902-B240-EC6DE65A4CB4}.Debug|Any CPU.ActiveCfg = Debug|Any CPU
		{57666D96-207D-4902-B240-EC6DE65A4CB4}.Debug|Any CPU.Build.0 = Debug|Any CPU
		{57666D96-207D-4902-B240-EC6DE65A4CB4}.Release|Any CPU.ActiveCfg = Release|Any CPU
		{57666D96-207D-4902-B240-EC6DE65A4CB4}.Release|Any CPU.Build.0 = Release|Any CPU
		{002498A1-602B-40EC-8B36-8F43A03B756E}.Debug|Any CPU.ActiveCfg = Debug|Any CPU
		{002498A1-602B-40EC-8B36-8F43A03B756E}.Debug|Any CPU.Build.0 = Debug|Any CPU
		{002498A1-602B-40EC-8B36-8F43A03B756E}.Release|Any CPU.ActiveCfg = Release|Any CPU
		{002498A1-602B-40EC-8B36-8F43A03B756E}.Release|Any CPU.Build.0 = Release|Any CPU
		{EE4AFBCC-7503-4DAB-8388-47D785E13EE0}.Debug|Any CPU.ActiveCfg = Debug|Any CPU
		{EE4AFBCC-7503-4DAB-8388-47D785E13EE0}.Debug|Any CPU.Build.0 = Debug|Any CPU
		{EE4AFBCC-7503-4DAB-8388-47D785E13EE0}.Release|Any CPU.ActiveCfg = Release|Any CPU
		{EE4AFBCC-7503-4DAB-8388-47D785E13EE0}.Release|Any CPU.Build.0 = Release|Any CPU
		{81499D0E-BEA1-47D4-896D-27F1CFEDA2FD}.Debug|Any CPU.ActiveCfg = Debug|Any CPU
		{81499D0E-BEA1-47D4-896D-27F1CFEDA2FD}.Debug|Any CPU.Build.0 = Debug|Any CPU
		{81499D0E-BEA1-47D4-896D-27F1CFEDA2FD}.Release|Any CPU.ActiveCfg = Release|Any CPU
		{81499D0E-BEA1-47D4-896D-27F1CFEDA2FD}.Release|Any CPU.Build.0 = Release|Any CPU
		{880CB9E1-F34E-42B5-B2D4-2749AC6FFB23}.Debug|Any CPU.ActiveCfg = Debug|Any CPU
		{880CB9E1-F34E-42B5-B2D4-2749AC6FFB23}.Debug|Any CPU.Build.0 = Debug|Any CPU
		{880CB9E1-F34E-42B5-B2D4-2749AC6FFB23}.Release|Any CPU.ActiveCfg = Release|Any CPU
		{880CB9E1-F34E-42B5-B2D4-2749AC6FFB23}.Release|Any CPU.Build.0 = Release|Any CPU
		{381490F7-1D76-4C1C-9DC9-51E3C2641B2A}.Debug|Any CPU.ActiveCfg = Debug|Any CPU
		{381490F7-1D76-4C1C-9DC9-51E3C2641B2A}.Debug|Any CPU.Build.0 = Debug|Any CPU
		{381490F7-1D76-4C1C-9DC9-51E3C2641B2A}.Release|Any CPU.ActiveCfg = Release|Any CPU
		{381490F7-1D76-4C1C-9DC9-51E3C2641B2A}.Release|Any CPU.Build.0 = Release|Any CPU
		{47D225C1-BF4D-46D9-BC9D-F8A8A2FE3497}.Debug|Any CPU.ActiveCfg = Debug|Any CPU
		{47D225C1-BF4D-46D9-BC9D-F8A8A2FE3497}.Debug|Any CPU.Build.0 = Debug|Any CPU
		{47D225C1-BF4D-46D9-BC9D-F8A8A2FE3497}.Release|Any CPU.ActiveCfg = Release|Any CPU
		{47D225C1-BF4D-46D9-BC9D-F8A8A2FE3497}.Release|Any CPU.Build.0 = Release|Any CPU
		{B2915F8A-7EA2-4B36-B17B-CC738732388E}.Debug|Any CPU.ActiveCfg = Debug|Any CPU
		{B2915F8A-7EA2-4B36-B17B-CC738732388E}.Debug|Any CPU.Build.0 = Debug|Any CPU
		{B2915F8A-7EA2-4B36-B17B-CC738732388E}.Release|Any CPU.ActiveCfg = Release|Any CPU
		{B2915F8A-7EA2-4B36-B17B-CC738732388E}.Release|Any CPU.Build.0 = Release|Any CPU
		{21E912D7-3CB1-463E-9C22-07A998182A2C}.Debug|Any CPU.ActiveCfg = Debug|Any CPU
		{21E912D7-3CB1-463E-9C22-07A998182A2C}.Debug|Any CPU.Build.0 = Debug|Any CPU
		{21E912D7-3CB1-463E-9C22-07A998182A2C}.Release|Any CPU.ActiveCfg = Release|Any CPU
		{21E912D7-3CB1-463E-9C22-07A998182A2C}.Release|Any CPU.Build.0 = Release|Any CPU
		{9269B975-FA17-46BA-9BE1-F16A03E41423}.Debug|Any CPU.ActiveCfg = Debug|Any CPU
		{9269B975-FA17-46BA-9BE1-F16A03E41423}.Debug|Any CPU.Build.0 = Debug|Any CPU
		{9269B975-FA17-46BA-9BE1-F16A03E41423}.Release|Any CPU.ActiveCfg = Release|Any CPU
		{9269B975-FA17-46BA-9BE1-F16A03E41423}.Release|Any CPU.Build.0 = Release|Any CPU
		{BF767FEB-4D21-4BD9-9375-C3AFCA965020}.Debug|Any CPU.ActiveCfg = Debug|Any CPU
		{BF767FEB-4D21-4BD9-9375-C3AFCA965020}.Debug|Any CPU.Build.0 = Debug|Any CPU
		{BF767FEB-4D21-4BD9-9375-C3AFCA965020}.Release|Any CPU.ActiveCfg = Release|Any CPU
		{BF767FEB-4D21-4BD9-9375-C3AFCA965020}.Release|Any CPU.Build.0 = Release|Any CPU
		{86AE8FA3-18B7-42BB-8C37-1E478C3AD048}.Debug|Any CPU.ActiveCfg = Debug|Any CPU
		{86AE8FA3-18B7-42BB-8C37-1E478C3AD048}.Debug|Any CPU.Build.0 = Debug|Any CPU
		{86AE8FA3-18B7-42BB-8C37-1E478C3AD048}.Release|Any CPU.ActiveCfg = Release|Any CPU
		{86AE8FA3-18B7-42BB-8C37-1E478C3AD048}.Release|Any CPU.Build.0 = Release|Any CPU
		{93CA430F-9B24-42F8-B499-BAFD449E99D9}.Debug|Any CPU.ActiveCfg = Debug|Any CPU
		{93CA430F-9B24-42F8-B499-BAFD449E99D9}.Debug|Any CPU.Build.0 = Debug|Any CPU
		{93CA430F-9B24-42F8-B499-BAFD449E99D9}.Release|Any CPU.ActiveCfg = Release|Any CPU
		{93CA430F-9B24-42F8-B499-BAFD449E99D9}.Release|Any CPU.Build.0 = Release|Any CPU
		{49DDBD82-D9A2-436F-90A9-1A2DB9F2707F}.Debug|Any CPU.ActiveCfg = Debug|Any CPU
		{49DDBD82-D9A2-436F-90A9-1A2DB9F2707F}.Debug|Any CPU.Build.0 = Debug|Any CPU
		{49DDBD82-D9A2-436F-90A9-1A2DB9F2707F}.Release|Any CPU.ActiveCfg = Release|Any CPU
		{49DDBD82-D9A2-436F-90A9-1A2DB9F2707F}.Release|Any CPU.Build.0 = Release|Any CPU
		{8006B761-3B27-4EE4-826C-B567D32552F8}.Debug|Any CPU.ActiveCfg = Debug|Any CPU
		{8006B761-3B27-4EE4-826C-B567D32552F8}.Debug|Any CPU.Build.0 = Debug|Any CPU
		{8006B761-3B27-4EE4-826C-B567D32552F8}.Release|Any CPU.ActiveCfg = Release|Any CPU
		{8006B761-3B27-4EE4-826C-B567D32552F8}.Release|Any CPU.Build.0 = Release|Any CPU
		{1CDAAAE2-5C94-46E1-853F-C998B0843DBE}.Debug|Any CPU.ActiveCfg = Debug|Any CPU
		{1CDAAAE2-5C94-46E1-853F-C998B0843DBE}.Debug|Any CPU.Build.0 = Debug|Any CPU
		{1CDAAAE2-5C94-46E1-853F-C998B0843DBE}.Release|Any CPU.ActiveCfg = Release|Any CPU
		{1CDAAAE2-5C94-46E1-853F-C998B0843DBE}.Release|Any CPU.Build.0 = Release|Any CPU
		{9DE834E0-3600-4BE5-9A9B-4A17FA1446C6}.Debug|Any CPU.ActiveCfg = Debug|Any CPU
		{9DE834E0-3600-4BE5-9A9B-4A17FA1446C6}.Debug|Any CPU.Build.0 = Debug|Any CPU
		{9DE834E0-3600-4BE5-9A9B-4A17FA1446C6}.Release|Any CPU.ActiveCfg = Release|Any CPU
		{9DE834E0-3600-4BE5-9A9B-4A17FA1446C6}.Release|Any CPU.Build.0 = Release|Any CPU
		{04CEBB69-FF1E-47EB-8BC8-29D25F4AFE22}.Debug|Any CPU.ActiveCfg = Debug|Any CPU
		{04CEBB69-FF1E-47EB-8BC8-29D25F4AFE22}.Debug|Any CPU.Build.0 = Debug|Any CPU
		{04CEBB69-FF1E-47EB-8BC8-29D25F4AFE22}.Release|Any CPU.ActiveCfg = Release|Any CPU
		{04CEBB69-FF1E-47EB-8BC8-29D25F4AFE22}.Release|Any CPU.Build.0 = Release|Any CPU
		{3CD64BDB-D68D-4480-AA75-EE3CE144C395}.Debug|Any CPU.ActiveCfg = Debug|Any CPU
		{3CD64BDB-D68D-4480-AA75-EE3CE144C395}.Debug|Any CPU.Build.0 = Debug|Any CPU
		{3CD64BDB-D68D-4480-AA75-EE3CE144C395}.Release|Any CPU.ActiveCfg = Release|Any CPU
		{3CD64BDB-D68D-4480-AA75-EE3CE144C395}.Release|Any CPU.Build.0 = Release|Any CPU
		{858BDD58-27C1-43F8-B292-5DBEF1FE8AEF}.Debug|Any CPU.ActiveCfg = Debug|Any CPU
		{858BDD58-27C1-43F8-B292-5DBEF1FE8AEF}.Debug|Any CPU.Build.0 = Debug|Any CPU
		{858BDD58-27C1-43F8-B292-5DBEF1FE8AEF}.Release|Any CPU.ActiveCfg = Release|Any CPU
		{858BDD58-27C1-43F8-B292-5DBEF1FE8AEF}.Release|Any CPU.Build.0 = Release|Any CPU
		{8C501099-BBB5-4C67-90CC-5A3CAB8AA3B0}.Debug|Any CPU.ActiveCfg = Debug|Any CPU
		{8C501099-BBB5-4C67-90CC-5A3CAB8AA3B0}.Debug|Any CPU.Build.0 = Debug|Any CPU
		{8C501099-BBB5-4C67-90CC-5A3CAB8AA3B0}.Release|Any CPU.ActiveCfg = Release|Any CPU
		{8C501099-BBB5-4C67-90CC-5A3CAB8AA3B0}.Release|Any CPU.Build.0 = Release|Any CPU
		{0EA6D644-5A1C-4A8C-9F3E-59C275747CEF}.Debug|Any CPU.ActiveCfg = Debug|Any CPU
		{0EA6D644-5A1C-4A8C-9F3E-59C275747CEF}.Debug|Any CPU.Build.0 = Debug|Any CPU
		{0EA6D644-5A1C-4A8C-9F3E-59C275747CEF}.Release|Any CPU.ActiveCfg = Release|Any CPU
		{0EA6D644-5A1C-4A8C-9F3E-59C275747CEF}.Release|Any CPU.Build.0 = Release|Any CPU
	EndGlobalSection
	GlobalSection(SolutionProperties) = preSolution
		HideSolutionNode = FALSE
	EndGlobalSection
	GlobalSection(ExtensibilityGlobals) = postSolution
		SolutionGuid = {4DC18157-A6FA-4FAC-9E08-9579C3D899A4}
	EndGlobalSection
EndGlobal
